# This file is autogenerated, do not edit; changes may be undone by the next 'dep ensure'.


[[projects]]
  branch = "master"
  digest = "1:6da51e5ec493ad2b44cb04129e2d0a068c8fb9bd6cb5739d199573558696bb94"
  name = "github.com/Azure/go-ansiterm"
  packages = [
    ".",
    "winterm",
  ]
  pruneopts = "UT"
  revision = "d6e3b3328b783f23731bc4d058875b0371ff8109"

[[projects]]
  digest = "1:f313598719f69ec4edbcd75b0f2ef1c8ed9e00f6ff3d7583ac3966db2d70d326"
  name = "github.com/Masterminds/semver"
  packages = ["."]
  pruneopts = "UT"
  revision = "910aa146bd66780c2815d652b92a7fc5331e533c"
  version = "v3.0.3"

[[projects]]
  digest = "1:d5e752c67b445baa5b6cb6f8aa706775c2aa8e41aca95a0c651520ff2c80361a"
  name = "github.com/Microsoft/go-winio"
  packages = [
    ".",
    "pkg/guid",
  ]
  pruneopts = "UT"
  revision = "6c72808b55902eae4c5943626030429ff20f3b63"
  version = "v0.4.14"

[[projects]]
  digest = "1:d6afaeed1502aa28e80a4ed0981d570ad91b2579193404256ce672ed0a609e0d"
  name = "github.com/beorn7/perks"
  packages = ["quantile"]
  pruneopts = "UT"
  revision = "37c8de3658fcb183f997c4e13e8337516ab753e6"
  version = "v1.0.1"

[[projects]]
  digest = "1:2c17026fe66e89d642c78afac9815a397a4a2741f36ecca34263e088aff4c55e"
  name = "github.com/cnabio/cnab-go"
  packages = [
    "bundle",
    "bundle/definition",
  ]
  pruneopts = "UT"
  revision = "8b2ff3a6f40c837ae274552bc76b1e6499dc8beb"
  version = "v0.8.0-beta1"

[[projects]]
  digest = "1:1fc9dd27853b7fdcb19eb34dd8a8f99f1fc8fb4f5bedf28b68b572c727175640"
  name = "github.com/containerd/containerd"
  packages = [
    "archive/compression",
    "content",
    "errdefs",
    "images",
    "labels",
    "log",
    "platforms",
    "reference",
    "remotes",
    "remotes/docker",
    "remotes/docker/schema1",
    "version",
  ]
  pruneopts = "UT"
  revision = "ff48f57fc83a8c44cf4ad5d672424a98ba37ded6"
  version = "v1.3.2"

[[projects]]
  digest = "1:2170ed70165a085c25d4af4a090338ec75434088fdaf878e2bb99b779a93bdca"
  name = "github.com/docker/cli"
  packages = [
    "cli/config",
    "cli/config/configfile",
    "cli/config/credentials",
    "cli/config/types",
    "opts",
  ]
  pruneopts = "UT"
  revision = "23446275646041f9b598d64c51be24d5d0e49376"

[[projects]]
  digest = "1:df6395cecd754ec152b433ebd39351bdf96375d9c9b5b4a34ccd4a197587991f"
  name = "github.com/docker/cnab-to-oci"
  packages = [
    "converter",
    "internal",
    "relocation",
    "remotes",
  ]
  pruneopts = "UT"
  revision = "bf0672a3966c7a41fb7ffb524231d79cb5e16f31"
  version = "v0.3.0-beta3"

[[projects]]
  digest = "1:f5b3251e0108c8186e46628fad8594b5b6a2ec8790068ab7c922199b6b018d2e"
  name = "github.com/docker/distribution"
  packages = [
    ".",
    "digestset",
    "manifest",
    "manifest/schema2",
    "metrics",
    "reference",
    "registry/api/errcode",
    "registry/api/v2",
    "registry/client",
    "registry/client/auth",
    "registry/client/auth/challenge",
    "registry/client/transport",
    "registry/storage/cache",
    "registry/storage/cache/memory",
  ]
  pruneopts = "UT"
  revision = "2461543d988979529609e8cb6fca9ca190dc48da"
  version = "v2.7.1"

[[projects]]
  branch = "master"
  digest = "1:df9885b8ff91f7bc726b3a9ab0ff371d6ad23e14c82baf07f8f38c53ece8ff5a"
  name = "github.com/docker/docker"
  packages = [
    "api",
    "api/types",
    "api/types/blkiodev",
    "api/types/container",
    "api/types/events",
    "api/types/filters",
    "api/types/image",
    "api/types/mount",
    "api/types/network",
    "api/types/registry",
    "api/types/strslice",
    "api/types/swarm",
    "api/types/swarm/runtime",
    "api/types/time",
    "api/types/versions",
    "api/types/volume",
    "client",
    "errdefs",
    "pkg/homedir",
    "pkg/ioutils",
    "pkg/jsonmessage",
    "pkg/longpath",
    "pkg/stringid",
    "pkg/tarsum",
    "pkg/term",
    "pkg/term/windows",
    "registry",
    "registry/resumable",
    "rootless",
  ]
  pruneopts = "UT"
  revision = "a9507c6f76627fdc092edc542d5a7ef4a6df5eec"

[[projects]]
  digest = "1:9f3f49b4e32d3da2dd6ed07cc568627b53cc80205c0dcf69f4091f027416cb60"
  name = "github.com/docker/docker-credential-helpers"
  packages = [
    "client",
    "credentials",
  ]
  pruneopts = "UT"
  revision = "54f0238b6bf101fc3ad3b34114cb5520beb562f5"
  version = "v0.6.3"

[[projects]]
  digest = "1:44fd27d0559326eb63ee0b7b5c80832c821761ff6d1b9cc4ad075783485a5837"
  name = "github.com/docker/go"
  packages = ["canonical/json"]
  pruneopts = "UT"
  revision = "62e5ec7cf43f795986ec658df7cb317255772993"
  version = "v1.5.1-1"

[[projects]]
  digest = "1:811c86996b1ca46729bad2724d4499014c4b9effd05ef8c71b852aad90deb0ce"
  name = "github.com/docker/go-connections"
  packages = [
    "nat",
    "sockets",
    "tlsconfig",
  ]
  pruneopts = "UT"
  revision = "7395e3f8aa162843a74ed6d48e79627d9792ac55"
  version = "v0.4.0"

[[projects]]
  digest = "1:9f1c706b956b58bbe2a420082dd47df25329a082ae873fdd43c175b09887cea8"
  name = "github.com/docker/go-metrics"
  packages = ["."]
  pruneopts = "UT"
  revision = "b619b3592b65de4f087d9f16863a7e6ff905973c"
  version = "v0.0.1"

[[projects]]
  digest = "1:e95ef557dc3120984bb66b385ae01b4bb8ff56bcde28e7b0d1beed0cccc4d69f"
  name = "github.com/docker/go-units"
  packages = ["."]
  pruneopts = "UT"
  revision = "519db1ee28dcc9fd2474ae59fca29a810482bfb1"
  version = "v0.4.0"

[[projects]]
  digest = "1:4caab6f14c6b9654ccb7d398791d1f71a2d4e693ea508d29659a173e1b2e644a"
  name = "github.com/gogo/protobuf"
  packages = ["proto"]
  pruneopts = "UT"
  revision = "5628607bb4c51c3157aacc3a50f0ab707582b805"
  version = "v1.3.1"

[[projects]]
  digest = "1:f5ce1529abc1204444ec73779f44f94e2fa8fcdb7aca3c355b0c95947e4005c6"
  name = "github.com/golang/protobuf"
  packages = [
    "proto",
    "ptypes",
    "ptypes/any",
    "ptypes/duration",
    "ptypes/timestamp",
  ]
  pruneopts = "UT"
  revision = "6c65a5562fc06764971b7c5d05c76c75e84bdbf7"
  version = "v1.3.2"

[[projects]]
  digest = "1:cbec35fe4d5a4fba369a656a8cd65e244ea2c743007d8f6c1ccb132acf9d1296"
  name = "github.com/gorilla/mux"
  packages = ["."]
  pruneopts = "UT"
  revision = "00bdffe0f3c77e27d2cf6f5c70232a2d3e4d9c15"
  version = "v1.7.3"

[[projects]]
  digest = "1:31e761d97c76151dde79e9d28964a812c46efc5baee4085b86f68f0c654450de"
  name = "github.com/konsorten/go-windows-terminal-sequences"
  packages = ["."]
  pruneopts = "UT"
  revision = "f55edac94c9bbba5d6182a4be46d86a2c9b5b50e"
  version = "v1.0.2"

[[projects]]
  digest = "1:ff5ebae34cfbf047d505ee150de27e60570e8c394b3b8fdbb720ff6ac71985fc"
  name = "github.com/matttproud/golang_protobuf_extensions"
  packages = ["pbutil"]
  pruneopts = "UT"
  revision = "c12348ce28de40eed0136aa2b644d0ee0650e56c"
  version = "v1.0.1"

[[projects]]
  digest = "1:906eb1ca3c8455e447b99a45237b2b9615b665608fd07ad12cce847dd9a1ec43"
  name = "github.com/morikuni/aec"
  packages = ["."]
  pruneopts = "UT"
  revision = "39771216ff4c63d11f5e604076f9c45e8be1067b"
  version = "v1.0.0"

[[projects]]
  digest = "1:ee4d4af67d93cc7644157882329023ce9a7bcfce956a079069a9405521c7cc8d"
  name = "github.com/opencontainers/go-digest"
  packages = ["."]
  pruneopts = "UT"
  revision = "279bed98673dd5bef374d3b6e4b09e2af76183bf"
  version = "v1.0.0-rc1"

[[projects]]
  digest = "1:11db38d694c130c800d0aefb502fb02519e514dc53d9804ce51d1ad25ec27db6"
  name = "github.com/opencontainers/image-spec"
  packages = [
    "specs-go",
    "specs-go/v1",
  ]
  pruneopts = "UT"
  revision = "d60099175f88c47cd379c4738d158884749ed235"
  version = "v1.0.1"

[[projects]]
  digest = "1:cf31692c14422fa27c83a05292eb5cbe0fb2775972e8f1f8446a71549bd8980b"
  name = "github.com/pkg/errors"
  packages = ["."]
  pruneopts = "UT"
  revision = "ba968bfe8b2f7e042a574c888954fccecfa385b4"
  version = "v0.8.1"

[[projects]]
  digest = "1:eb04f69c8991e52eff33c428bd729e04208bf03235be88e4df0d88497c6861b9"
  name = "github.com/prometheus/client_golang"
  packages = [
    "prometheus",
    "prometheus/internal",
    "prometheus/promhttp",
  ]
  pruneopts = "UT"
  revision = "170205fb58decfd011f1550d4cfb737230d7ae4f"
  version = "v1.1.0"

[[projects]]
  digest = "1:982be0b5396e16a663697899ce69cc7b1e71ddcae4153af157578d4dc9bc3f88"
  name = "github.com/prometheus/client_model"
  packages = ["go"]
  pruneopts = "UT"
  revision = "d1d2010b5beead3fa1c5f271a5cf626e40b3ad6e"
  version = "v0.1.0"

[[projects]]
  digest = "1:f119e3205d3a1f0f19dbd7038eb37528e2c6f0933269dc344e305951fb87d632"
  name = "github.com/prometheus/common"
  packages = [
    "expfmt",
    "internal/bitbucket.org/ww/goautoneg",
    "model",
  ]
  pruneopts = "UT"
  revision = "287d3e634a1e550c9e463dd7e5a75a422c614505"
  version = "v0.7.0"

[[projects]]
  digest = "1:ec0ff4bd619a67065e34d6477711ed0117e335f99059a4c508e0fe21cfe7b304"
  name = "github.com/prometheus/procfs"
  packages = [
    ".",
    "internal/fs",
    "internal/util",
  ]
  pruneopts = "UT"
  revision = "6d489fc7f1d9cd890a250f3ea3431b1744b9623f"
  version = "v0.0.8"

[[projects]]
  digest = "1:d235e49bf6cae4fe6a794352b5e74656f9e3c15b1f6b097b0382865414110e2e"
  name = "github.com/qri-io/jsonpointer"
  packages = ["."]
  pruneopts = "UT"
  revision = "43be820608971e680b60469cfc7cc0e2e75fd4ef"
  version = "v0.1.0"

[[projects]]
  digest = "1:86a61771e3006eeb78ab8a7942c3a9dbae1aca96ab48df505357a6a93f7bc3fa"
  name = "github.com/qri-io/jsonschema"
  packages = ["."]
  pruneopts = "UT"
  revision = "b244d4b99401d163bd9e382fd58698794259d091"
  version = "v0.1.1"

[[projects]]
  digest = "1:04457f9f6f3ffc5fea48e71d62f2ca256637dee0a04d710288e27e05c8b41976"
  name = "github.com/sirupsen/logrus"
  packages = ["."]
  pruneopts = "UT"
  revision = "839c75faf7f98a33d445d181f3018b5c3409a45e"
  version = "v1.4.2"

[[projects]]
  branch = "master"
  digest = "1:081604e98d8aa3c3576bf78566ba71e9d7ab484721461e14e38ff9a7b00acca7"
  name = "golang.org/x/net"
  packages = [
    "context/ctxhttp",
    "internal/socks",
    "proxy",
  ]
  pruneopts = "UT"
  revision = "c0dbc17a35534bf2e581d7a942408dc936316da4"

[[projects]]
  branch = "master"
  digest = "1:a2fc247e64b5dafd3251f12d396ec85f163d5bb38763c4997856addddf6e78d8"
  name = "golang.org/x/sync"
  packages = [
    "errgroup",
    "semaphore",
  ]
  pruneopts = "UT"
  revision = "cd5d95a43a6e21273425c7ae415d3df9ea832eeb"

[[projects]]
  branch = "master"
  digest = "1:1c6ff9c8f791488f011d40961eb147b976ca5e4d1340fcdd019eb12d7a37e5b3"
  name = "golang.org/x/sys"
  packages = [
    "unix",
    "windows",
  ]
  pruneopts = "UT"
  revision = "b016eb3dc98ea7f69ed55e8216b87187067ae621"

[[projects]]
  branch = "master"
  digest = "1:583a0c80f5e3a9343d33aea4aead1e1afcc0043db66fdf961ddd1fe8cd3a4faf"
  name = "google.golang.org/genproto"
  packages = ["googleapis/rpc/status"]
  pruneopts = "UT"
  revision = "f3c370f40bfba3cb25c5c2f823a1a8031b5ad724"

[[projects]]
  digest = "1:d752af20a3cb9b197031ed2cef7418f47a1afccf840f65debd7e68c20d85c366"
  name = "google.golang.org/grpc"
  packages = [
    "codes",
    "connectivity",
    "grpclog",
    "internal",
    "status",
  ]
  pruneopts = "UT"
  revision = "f5b0812e6fe574d90da76b205e9eb51f6ddb1919"
  version = "v1.26.0"

[solve-meta]
  analyzer-name = "dep"
  analyzer-version = 1
  input-imports = [
    "github.com/cnabio/cnab-go/bundle",
    "github.com/containerd/containerd/remotes",
    "github.com/docker/cli/cli/config",
    "github.com/docker/cnab-to-oci/remotes",
    "github.com/docker/distribution/reference",
    "github.com/docker/docker/client",
    "github.com/docker/go/canonical/json",
    "github.com/sirupsen/logrus",
  ]
  solver-name = "gps-cdcl"
  solver-version = 1
